
Microsoft Visual Studio Solution File, Format Version 12.00
# Visual Studio 2013
VisualStudioVersion = 12.0.30501.0
MinimumVisualStudioVersion = 10.0.40219.1
Project("{FAE04EC0-301F-11D3-BF4B-00C04F79EFBC}") = "GraphVisual", "GraphVisual\GraphVisual.csproj", "{93D91960-5651-4E8F-84E0-040E8FED7C9B}"
EndProject
Global
	GlobalSection(SolutionConfigurationPlatforms) = preSolution
		Debug|Any CPU = Debug|Any CPU
		Release|Any CPU = Release|Any CPU
	EndGlobalSection
	GlobalSection(ProjectConfigurationPlatforms) = postSolution
		{93D91960-5651-4E8F-84E0-040E8FED7C9B}.Debug|Any CPU.ActiveCfg = Debug|Any CPU
		{93D91960-5651-4E8F-84E0-040E8FED7C9B}.Debug|Any CPU.Build.0 = Debug|Any CPU
		{93D91960-5651-4E8F-84E0-040E8FED7C9B}.Release|Any CPU.ActiveCfg = Release|Any CPU
		{93D91960-5651-4E8F-84E0-040E8FED7C9B}.Release|Any CPU.Build.0 = Release|Any CPU
	EndGlobalSection
	GlobalSection(SolutionProperties) = preSolution
		HideSolutionNode = FALSE
	EndGlobalSection
EndGlobal
